
Microsoft Visual Studio Solution File, Format Version 12.00
# Visual Studio Version 17
VisualStudioVersion = 17.13.35931.197 d17.13
MinimumVisualStudioVersion = 10.0.40219.1
Project("{FAE04EC0-301F-11D3-BF4B-00C04F79EFBC}") = "CSharpFundamentals7.2", "CSharpFundamentals7.2\CSharpFundamentals7.2.csproj", "{64546C6C-7F50-4BE5-87C3-E083E3E7BA40}"
EndProject
Global
	GlobalSection(SolutionConfigurationPlatforms) = preSolution
		Debug|Any CPU = Debug|Any CPU
		Release|Any CPU = Release|Any CPU
	EndGlobalSection
	GlobalSection(ProjectConfigurationPlatforms) = postSolution
		{64546C6C-7F50-4BE5-87C3-E083E3E7BA40}.Debug|Any CPU.ActiveCfg = Debug|Any CPU
		{64546C6C-7F50-4BE5-87C3-E083E3E7BA40}.Debug|Any CPU.Build.0 = Debug|Any CPU
		{64546C6C-7F50-4BE5-87C3-E083E3E7BA40}.Release|Any CPU.ActiveCfg = Release|Any CPU
		{64546C6C-7F50-4BE5-87C3-E083E3E7BA40}.Release|Any CPU.Build.0 = Release|Any CPU
	EndGlobalSection
	GlobalSection(SolutionProperties) = preSolution
		HideSolutionNode = FALSE
	EndGlobalSection
	GlobalSection(ExtensibilityGlobals) = postSolution
		SolutionGuid = {04B4E310-03B6-4B02-BD87-6727CE0F4900}
	EndGlobalSection
EndGlobal
