
Microsoft Visual Studio Solution File, Format Version 12.00
# Visual Studio Version 17
VisualStudioVersion = 17.13.35931.197 d17.13
MinimumVisualStudioVersion = 10.0.40219.1
Project("{FAE04EC0-301F-11D3-BF4B-00C04F79EFBC}") = "CSharpFundamentals4.1", "CSharpFundamentals4.1\CSharpFundamentals4.1.csproj", "{F7407FB5-CC6F-42CD-A515-2F0179A2B807}"
EndProject
Global
	GlobalSection(SolutionConfigurationPlatforms) = preSolution
		Debug|Any CPU = Debug|Any CPU
		Release|Any CPU = Release|Any CPU
	EndGlobalSection
	GlobalSection(ProjectConfigurationPlatforms) = postSolution
		{F7407FB5-CC6F-42CD-A515-2F0179A2B807}.Debug|Any CPU.ActiveCfg = Debug|Any CPU
		{F7407FB5-CC6F-42CD-A515-2F0179A2B807}.Debug|Any CPU.Build.0 = Debug|Any CPU
		{F7407FB5-CC6F-42CD-A515-2F0179A2B807}.Release|Any CPU.ActiveCfg = Release|Any CPU
		{F7407FB5-CC6F-42CD-A515-2F0179A2B807}.Release|Any CPU.Build.0 = Release|Any CPU
	EndGlobalSection
	GlobalSection(SolutionProperties) = preSolution
		HideSolutionNode = FALSE
	EndGlobalSection
	GlobalSection(ExtensibilityGlobals) = postSolution
		SolutionGuid = {E2B43F29-EDE3-4155-8731-722337188C9E}
	EndGlobalSection
EndGlobal
